{
  "name": "snake-ai",
  "version": "0.1.0",
  "lockfileVersion": 1,
  "requires": true,
  "dependencies": {
    "ansi-escapes": {
      "version": "http://registry.npmjs.org/ansi-escapes/-/ansi-escapes-1.4.0.tgz",
      "integrity": "sha1-06ioOzGapneTZisT52HHkRQiMG4="
    },
    "array-union": {
      "version": "http://registry.npmjs.org/array-union/-/array-union-1.0.2.tgz",
      "integrity": "sha1-mjRBDk9OPaI96jdb5b5w8kd47Dk=",
      "dev": true
    },
    "base64url": {
      "version": "2.0.0",
      "resolved": "https://registry.npmjs.org/base64url/-/base64url-2.0.0.tgz",
      "integrity": "sha1-6sFuA+oUOO/5Qj1puqNiYu0fcLs=",
      "dev": true
    },
    "chalk": {
      "version": "http://registry.npmjs.org/chalk/-/chalk-1.1.3.tgz",
      "integrity": "sha1-qBFcVeSnAv5NFQq9OHKCKn4J/Jg=",
      "requires": {
        "strip-ansi": "http://registry.npmjs.org/strip-ansi/-/strip-ansi-3.0.1.tgz",
        "supports-color": "http://registry.npmjs.org/supports-color/-/supports-color-2.0.0.tgz"
      },
      "dependencies": {
        "supports-color": {
          "version": "http://registry.npmjs.org/supports-color/-/supports-color-2.0.0.tgz",
          "integrity": "sha1-U10EXOa2Nj+kARcIRimZXp3zJMc="
        }
      }
    },
    "commander": {
      "version": "http://registry.npmjs.org/commander/-/commander-2.9.0.tgz",
      "integrity": "sha1-nJkJQXbhIkDLItbFFGCYQA/g99Q=",
      "dev": true
    },
    "define-properties": {
      "version": "http://registry.npmjs.org/define-properties/-/define-properties-1.1.2.tgz",
      "integrity": "sha1-g6c/L+pWmJj7c3GTyPhzyvbUXJQ="
    },
    "es-abstract": {
      "version": "http://registry.npmjs.org/es-abstract/-/es-abstract-1.7.0.tgz",
      "integrity": "sha1-363ndOAb/Nl/lhgCmMRJyGI/uUw="
    },
    "exit": {
      "version": "0.1.2",
      "resolved": "https://registry.npmjs.org/exit/-/exit-0.1.2.tgz",
      "integrity": "sha1-BjJjj42HfMghB9MKD/8aF8uhzQw="
    },
    "fs-extra": {
      "version": "http://registry.npmjs.org/fs-extra/-/fs-extra-3.0.1.tgz",
      "integrity": "sha1-N5TzeMWLNC6n27sjCVEJxLO2IpE=",
      "dev": true,
      "requires": {
        "graceful-fs": "http://registry.npmjs.org/graceful-fs/-/graceful-fs-4.1.11.tgz"
      }
    },
    "gh-pages": {
      "version": "1.0.0",
      "resolved": "https://registry.npmjs.org/gh-pages/-/gh-pages-1.0.0.tgz",
      "integrity": "sha1-Skb0wlQ596K35oNVBNSknpSfBMo=",
      "dev": true,
      "requires": {
        "async": "2.1.4",
        "base64url": "2.0.0",
        "commander": "http://registry.npmjs.org/commander/-/commander-2.9.0.tgz",
        "fs-extra": "http://registry.npmjs.org/fs-extra/-/fs-extra-3.0.1.tgz",
        "globby": "6.1.0",
        "graceful-fs": "http://registry.npmjs.org/graceful-fs/-/graceful-fs-4.1.11.tgz",
        "rimraf": "http://registry.npmjs.org/rimraf/-/rimraf-2.6.1.tgz"
      },
      "dependencies": {
        "async": {
          "version": "2.1.4",
          "resolved": "https://registry.npmjs.org/async/-/async-2.1.4.tgz",
          "integrity": "sha1-LSFgx3iAMuTdbL4lAvH5osj2zeQ=",
          "dev": true,
          "requires": {
            "lodash": "http://registry.npmjs.org/lodash/-/lodash-4.17.4.tgz"
          }
        },
        "globby": {
          "version": "6.1.0",
          "resolved": "https://registry.npmjs.org/globby/-/globby-6.1.0.tgz",
          "integrity": "sha1-9abXDoOV4hyFj7BInWTfAkJNUGw=",
          "dev": true,
          "requires": {
            "array-union": "http://registry.npmjs.org/array-union/-/array-union-1.0.2.tgz",
            "glob": "http://registry.npmjs.org/glob/-/glob-7.1.2.tgz",
            "object-assign": "http://registry.npmjs.org/object-assign/-/object-assign-4.1.1.tgz",
            "pify": "http://registry.npmjs.org/pify/-/pify-2.3.0.tgz",
            "pinkie-promise": "http://registry.npmjs.org/pinkie-promise/-/pinkie-promise-2.0.1.tgz"
          }
        }
      }
    },
    "glob": {
      "version": "http://registry.npmjs.org/glob/-/glob-7.1.2.tgz",
      "integrity": "sha1-wZyd+aAocC1nhhI4SmVSQExjbRU="
    },
    "graceful-fs": {
      "version": "http://registry.npmjs.org/graceful-fs/-/graceful-fs-4.1.11.tgz",
      "integrity": "sha1-Dovf5NHduIVNZOBOp8AOKgJuVlg="
    },
    "import-local": {
      "version": "1.0.0",
      "resolved": "https://registry.npmjs.org/import-local/-/import-local-1.0.0.tgz",
      "integrity": "sha512-vAaZHieK9qjGo58agRBg+bhHX3hoTZU/Oa3GESWLz7t1U62fk63aHuDJJEteXoDeTCcPmUT+z38gkHPZkkmpmQ==",
      "requires": {
        "pkg-dir": "http://registry.npmjs.org/pkg-dir/-/pkg-dir-1.0.0.tgz",
        "resolve-cwd": "2.0.0"
      }
    },
    "is-ci": {
      "version": "http://registry.npmjs.org/is-ci/-/is-ci-1.0.10.tgz",
      "integrity": "sha1-9zkzayYyNlBhqdSCcM1WrjNpMY4="
    },
    "istanbul-api": {
      "version": "http://registry.npmjs.org/istanbul-api/-/istanbul-api-1.1.8.tgz",
      "integrity": "sha1-qETlXG+a7uKS5/QpQhlvYLI9yT4=",
      "requires": {
        "istanbul-lib-coverage": "http://registry.npmjs.org/istanbul-lib-coverage/-/istanbul-lib-coverage-1.1.0.tgz",
        "istanbul-lib-instrument": "http://registry.npmjs.org/istanbul-lib-instrument/-/istanbul-lib-instrument-1.7.1.tgz",
        "istanbul-lib-source-maps": "http://registry.npmjs.org/istanbul-lib-source-maps/-/istanbul-lib-source-maps-1.2.0.tgz"
      }
    },
    "istanbul-lib-coverage": {
      "version": "http://registry.npmjs.org/istanbul-lib-coverage/-/istanbul-lib-coverage-1.1.0.tgz",
      "integrity": "sha1-ysoZ3srvNSW11jMdcB8/O3rUhSg="
    },
    "istanbul-lib-instrument": {
      "version": "http://registry.npmjs.org/istanbul-lib-instrument/-/istanbul-lib-instrument-1.7.1.tgz",
      "integrity": "sha1-Fp4xvGLHeIUamUOd2Zw8wSGE02A=",
      "requires": {
        "istanbul-lib-coverage": "http://registry.npmjs.org/istanbul-lib-coverage/-/istanbul-lib-coverage-1.1.0.tgz"
      }
    },
    "istanbul-lib-source-maps": {
      "version": "http://registry.npmjs.org/istanbul-lib-source-maps/-/istanbul-lib-source-maps-1.2.0.tgz",
      "integrity": "sha1-jHcG1Jfib+62rz4MKP1bBmlZjQ4=",
      "requires": {
        "istanbul-lib-coverage": "http://registry.npmjs.org/istanbul-lib-coverage/-/istanbul-lib-coverage-1.1.0.tgz",
        "rimraf": "http://registry.npmjs.org/rimraf/-/rimraf-2.6.1.tgz"
      }
    },
    "jest-changed-files": {
      "version": "http://registry.npmjs.org/jest-changed-files/-/jest-changed-files-20.0.3.tgz",
      "integrity": "sha1-k5TVzGXEOEBhSb7xv01Sto4D4/g="
    },
    "jest-cli": {
      "version": "22.2.1",
      "resolved": "https://registry.npmjs.org/jest-cli/-/jest-cli-22.2.1.tgz",
      "integrity": "sha512-4ZvaStLTNFgiIIiNrTRmPrfpZVKWYlHOZuyfkiTDdVWiciFtAbtJhCpYsK+1mMx5NOdPCr72vxeodP6U0WlzfA==",
      "requires": {
        "ansi-escapes": "http://registry.npmjs.org/ansi-escapes/-/ansi-escapes-1.4.0.tgz",
        "chalk": "http://registry.npmjs.org/chalk/-/chalk-1.1.3.tgz",
        "exit": "0.1.2",
        "glob": "http://registry.npmjs.org/glob/-/glob-7.1.2.tgz",
        "graceful-fs": "http://registry.npmjs.org/graceful-fs/-/graceful-fs-4.1.11.tgz",
        "import-local": "1.0.0",
        "is-ci": "http://registry.npmjs.org/is-ci/-/is-ci-1.0.10.tgz",
        "istanbul-api": "http://registry.npmjs.org/istanbul-api/-/istanbul-api-1.1.8.tgz",
        "istanbul-lib-coverage": "http://registry.npmjs.org/istanbul-lib-coverage/-/istanbul-lib-coverage-1.1.0.tgz",
        "istanbul-lib-instrument": "http://registry.npmjs.org/istanbul-lib-instrument/-/istanbul-lib-instrument-1.7.1.tgz",
        "istanbul-lib-source-maps": "http://registry.npmjs.org/istanbul-lib-source-maps/-/istanbul-lib-source-maps-1.2.0.tgz",
        "jest-changed-files": "http://registry.npmjs.org/jest-changed-files/-/jest-changed-files-20.0.3.tgz",
        "jest-config": "http://registry.npmjs.org/jest-config/-/jest-config-20.0.3.tgz",
        "jest-environment-jsdom": "http://registry.npmjs.org/jest-environment-jsdom/-/jest-environment-jsdom-20.0.3.tgz",
        "jest-get-type": "22.1.0",
        "jest-haste-map": "http://registry.npmjs.org/jest-haste-map/-/jest-haste-map-20.0.3.tgz",
        "jest-message-util": "http://registry.npmjs.org/jest-message-util/-/jest-message-util-20.0.3.tgz",
        "jest-regex-util": "http://registry.npmjs.org/jest-regex-util/-/jest-regex-util-20.0.3.tgz",
        "jest-resolve-dependencies": "http://registry.npmjs.org/jest-resolve-dependencies/-/jest-resolve-dependencies-20.0.3.tgz",
        "jest-runner": "22.2.1",
        "jest-runtime": "http://registry.npmjs.org/jest-runtime/-/jest-runtime-20.0.3.tgz",
        "jest-snapshot": "http://registry.npmjs.org/jest-snapshot/-/jest-snapshot-20.0.3.tgz",
        "jest-util": "http://registry.npmjs.org/jest-util/-/jest-util-20.0.3.tgz",
        "jest-worker": "22.2.0",
        "micromatch": "http://registry.npmjs.org/micromatch/-/micromatch-2.3.11.tgz",
        "node-notifier": "http://registry.npmjs.org/node-notifier/-/node-notifier-5.1.2.tgz",
        "realpath-native": "1.0.0",
        "rimraf": "http://registry.npmjs.org/rimraf/-/rimraf-2.6.1.tgz",
        "slash": "http://registry.npmjs.org/slash/-/slash-1.0.0.tgz",
        "string-length": "http://registry.npmjs.org/string-length/-/string-length-1.0.1.tgz",
        "strip-ansi": "http://registry.npmjs.org/strip-ansi/-/strip-ansi-3.0.1.tgz",
        "which": "http://registry.npmjs.org/which/-/which-1.2.14.tgz",
        "yargs": "http://registry.npmjs.org/yargs/-/yargs-7.1.0.tgz"
      }
    },
    "jest-config": {
      "version": "http://registry.npmjs.org/jest-config/-/jest-config-20.0.3.tgz",
      "integrity": "sha1-qTTyfup2SRWAHN2ib2+O7CrHkmY=",
      "requires": {
        "chalk": "http://registry.npmjs.org/chalk/-/chalk-1.1.3.tgz",
        "glob": "http://registry.npmjs.org/glob/-/glob-7.1.2.tgz",
        "jest-environment-jsdom": "http://registry.npmjs.org/jest-environment-jsdom/-/jest-environment-jsdom-20.0.3.tgz",
        "jest-jasmine2": "http://registry.npmjs.org/jest-jasmine2/-/jest-jasmine2-20.0.3.tgz",
        "jest-regex-util": "http://registry.npmjs.org/jest-regex-util/-/jest-regex-util-20.0.3.tgz",
        "pretty-format": "http://registry.npmjs.org/pretty-format/-/pretty-format-20.0.3.tgz"
      }
    },
    "jest-docblock": {
      "version": "http://registry.npmjs.org/jest-docblock/-/jest-docblock-20.0.3.tgz",
      "integrity": "sha1-F76phDQswz2DxQ++FUXqDvqkRxI="
    },
    "jest-environment-jsdom": {
      "version": "http://registry.npmjs.org/jest-environment-jsdom/-/jest-environment-jsdom-20.0.3.tgz",
      "integrity": "sha1-BIqKwS7iJfcZBBdxODS7mZeH3pk=",
      "requires": {
        "jest-util": "http://registry.npmjs.org/jest-util/-/jest-util-20.0.3.tgz"
      }
    },
    "jest-get-type": {
      "version": "22.1.0",
      "resolved": "https://registry.npmjs.org/jest-get-type/-/jest-get-type-22.1.0.tgz",
      "integrity": "sha512-nD97IVOlNP6fjIN5i7j5XRH+hFsHL7VlauBbzRvueaaUe70uohrkz7pL/N8lx/IAwZRTJ//wOdVgh85OgM7g3w=="
    },
    "jest-haste-map": {
      "version": "http://registry.npmjs.org/jest-haste-map/-/jest-haste-map-20.0.3.tgz",
      "integrity": "sha1-Y3fVN+rzTrX3USGmkcrj/egrqXE=",
      "requires": {
        "graceful-fs": "http://registry.npmjs.org/graceful-fs/-/graceful-fs-4.1.11.tgz",
        "jest-docblock": "http://registry.npmjs.org/jest-docblock/-/jest-docblock-20.0.3.tgz",
        "micromatch": "http://registry.npmjs.org/micromatch/-/micromatch-2.3.11.tgz"
      }
    },
    "jest-jasmine2": {
      "version": "http://registry.npmjs.org/jest-jasmine2/-/jest-jasmine2-20.0.3.tgz",
      "integrity": "sha1-GMTp0CnaftGucnxVMABk0aBUKXQ=",
      "requires": {
        "chalk": "http://registry.npmjs.org/chalk/-/chalk-1.1.3.tgz",
        "graceful-fs": "http://registry.npmjs.org/graceful-fs/-/graceful-fs-4.1.11.tgz",
        "jest-message-util": "http://registry.npmjs.org/jest-message-util/-/jest-message-util-20.0.3.tgz",
        "jest-snapshot": "http://registry.npmjs.org/jest-snapshot/-/jest-snapshot-20.0.3.tgz"
      }
    },
    "jest-leak-detector": {
      "version": "22.1.0",
      "resolved": "https://registry.npmjs.org/jest-leak-detector/-/jest-leak-detector-22.1.0.tgz",
      "integrity": "sha512-8QsCWkncWAqdvrXN4yXQp9vgWF6CT3RkRey+d06SIHX913uXzAJhJdZyo6eE+uHVYMxUbxqW93npbUFhAR0YxA==",
      "requires": {
        "pretty-format": "http://registry.npmjs.org/pretty-format/-/pretty-format-20.0.3.tgz"
      }
    },
    "jest-message-util": {
      "version": "http://registry.npmjs.org/jest-message-util/-/jest-message-util-20.0.3.tgz",
      "integrity": "sha1-auwoRDBvyw5udNV5bBAG2W/dgxw=",
      "requires": {
        "chalk": "http://registry.npmjs.org/chalk/-/chalk-1.1.3.tgz",
        "micromatch": "http://registry.npmjs.org/micromatch/-/micromatch-2.3.11.tgz",
        "slash": "http://registry.npmjs.org/slash/-/slash-1.0.0.tgz"
      }
    },
    "jest-regex-util": {
      "version": "http://registry.npmjs.org/jest-regex-util/-/jest-regex-util-20.0.3.tgz",
      "integrity": "sha1-hburXRM+RGJbGfr4xqpRItCF12I="
    },
    "jest-resolve-dependencies": {
      "version": "http://registry.npmjs.org/jest-resolve-dependencies/-/jest-resolve-dependencies-20.0.3.tgz",
      "integrity": "sha1-bhSntxevDyyzZnxUneQK8Bexcjo=",
      "requires": {
        "jest-regex-util": "http://registry.npmjs.org/jest-regex-util/-/jest-regex-util-20.0.3.tgz"
      }
    },
    "jest-runner": {
      "version": "22.2.1",
      "resolved": "https://registry.npmjs.org/jest-runner/-/jest-runner-22.2.1.tgz",
      "integrity": "sha512-oTbyozpPKBBTdJxqPBOyUr3S0eVi/Rvx2CvwGCTCvmVkwrkoMCqG4w3WJmMbKARVv892Zy/l7rxYzEdzo24yNA==",
      "requires": {
        "exit": "0.1.2",
        "jest-config": "http://registry.npmjs.org/jest-config/-/jest-config-20.0.3.tgz",
        "jest-docblock": "http://registry.npmjs.org/jest-docblock/-/jest-docblock-20.0.3.tgz",
        "jest-haste-map": "http://registry.npmjs.org/jest-haste-map/-/jest-haste-map-20.0.3.tgz",
        "jest-jasmine2": "http://registry.npmjs.org/jest-jasmine2/-/jest-jasmine2-20.0.3.tgz",
        "jest-leak-detector": "22.1.0",
        "jest-message-util": "http://registry.npmjs.org/jest-message-util/-/jest-message-util-20.0.3.tgz",
        "jest-runtime": "http://registry.npmjs.org/jest-runtime/-/jest-runtime-20.0.3.tgz",
        "jest-util": "http://registry.npmjs.org/jest-util/-/jest-util-20.0.3.tgz",
        "jest-worker": "22.2.0",
        "throat": "http://registry.npmjs.org/throat/-/throat-3.0.0.tgz"
      }
    },
    "jest-runtime": {
      "version": "http://registry.npmjs.org/jest-runtime/-/jest-runtime-20.0.3.tgz",
      "integrity": "sha1-3d0iu8Qp4m5qltGs1GylVxSwklI=",
      "requires": {
        "chalk": "http://registry.npmjs.org/chalk/-/chalk-1.1.3.tgz",
        "graceful-fs": "http://registry.npmjs.org/graceful-fs/-/graceful-fs-4.1.11.tgz",
        "jest-config": "http://registry.npmjs.org/jest-config/-/jest-config-20.0.3.tgz",
        "jest-haste-map": "http://registry.npmjs.org/jest-haste-map/-/jest-haste-map-20.0.3.tgz",
        "jest-regex-util": "http://registry.npmjs.org/jest-regex-util/-/jest-regex-util-20.0.3.tgz",
        "jest-util": "http://registry.npmjs.org/jest-util/-/jest-util-20.0.3.tgz",
        "micromatch": "http://registry.npmjs.org/micromatch/-/micromatch-2.3.11.tgz",
        "strip-bom": "http://registry.npmjs.org/strip-bom/-/strip-bom-3.0.0.tgz",
        "yargs": "http://registry.npmjs.org/yargs/-/yargs-7.1.0.tgz"
      },
      "dependencies": {
        "strip-bom": {
          "version": "http://registry.npmjs.org/strip-bom/-/strip-bom-3.0.0.tgz",
          "integrity": "sha1-IzTBjpx1n3vdVv3vfprj1YjmjtM="
        }
      }
    },
    "jest-snapshot": {
      "version": "http://registry.npmjs.org/jest-snapshot/-/jest-snapshot-20.0.3.tgz",
      "integrity": "sha1-W4R+GtsaTZCFKn+fElCG4YfHZWY=",
      "requires": {
        "chalk": "http://registry.npmjs.org/chalk/-/chalk-1.1.3.tgz",
        "jest-util": "http://registry.npmjs.org/jest-util/-/jest-util-20.0.3.tgz",
        "pretty-format": "http://registry.npmjs.org/pretty-format/-/pretty-format-20.0.3.tgz"
      }
    },
    "jest-util": {
      "version": "http://registry.npmjs.org/jest-util/-/jest-util-20.0.3.tgz",
      "integrity": "sha1-DAf32A2C9OWmfG+LnD/n9lz9Mq0=",
      "requires": {
        "chalk": "http://registry.npmjs.org/chalk/-/chalk-1.1.3.tgz",
        "graceful-fs": "http://registry.npmjs.org/graceful-fs/-/graceful-fs-4.1.11.tgz",
        "jest-message-util": "http://registry.npmjs.org/jest-message-util/-/jest-message-util-20.0.3.tgz"
      }
    },
    "jest-worker": {
      "version": "22.2.0",
      "resolved": "https://registry.npmjs.org/jest-worker/-/jest-worker-22.2.0.tgz",
      "integrity": "sha512-RKXSCsSSn5cPpJASHs1bOAnunpgcTo+DnLEcaCvVcf5yx/4ks5TEuTTCJMQasjJwwYpHW2MJX20i2tYHfrInEw==",
      "requires": {
        "merge-stream": "1.0.1"
      }
    },
    "lodash": {
      "version": "http://registry.npmjs.org/lodash/-/lodash-4.17.4.tgz",
      "integrity": "sha1-eCA6TRwyiuHYbcpkYONptX9AVa4=",
      "dev": true
    },
    "merge-stream": {
      "version": "1.0.1",
      "resolved": "https://registry.npmjs.org/merge-stream/-/merge-stream-1.0.1.tgz",
      "integrity": "sha1-QEEgLVCKNCugAXQAjfDCUbjBNeE=",
      "requires": {
        "readable-stream": "http://registry.npmjs.org/readable-stream/-/readable-stream-2.2.9.tgz"
      }
    },
    "micromatch": {
      "version": "http://registry.npmjs.org/micromatch/-/micromatch-2.3.11.tgz",
      "integrity": "sha1-hmd8l9FyCzY0MdBNDRUpO9OMFWU="
    },
    "node-notifier": {
      "version": "http://registry.npmjs.org/node-notifier/-/node-notifier-5.1.2.tgz",
      "integrity": "sha1-L6nhJgX6EACdRFSdb82KY93g5P8=",
      "requires": {
        "which": "http://registry.npmjs.org/which/-/which-1.2.14.tgz"
      }
    },
    "object-assign": {
      "version": "http://registry.npmjs.org/object-assign/-/object-assign-4.1.1.tgz",
      "integrity": "sha1-IQmtx5ZYh8/AXLvUQsrIv7s2CGM=",
      "dev": true
    },
    "object.getownpropertydescriptors": {
      "version": "2.0.3",
      "resolved": "https://registry.npmjs.org/object.getownpropertydescriptors/-/object.getownpropertydescriptors-2.0.3.tgz",
      "integrity": "sha1-h1jIRvW0B62rDyNuCYbxSwUcqhY=",
      "requires": {
        "define-properties": "http://registry.npmjs.org/define-properties/-/define-properties-1.1.2.tgz",
        "es-abstract": "http://registry.npmjs.org/es-abstract/-/es-abstract-1.7.0.tgz"
      }
    },
    "pify": {
      "version": "http://registry.npmjs.org/pify/-/pify-2.3.0.tgz",
      "integrity": "sha1-7RQaasBDqEnqWISY59yosVMw6Qw=",
      "dev": true
    },
    "pinkie-promise": {
      "version": "http://registry.npmjs.org/pinkie-promise/-/pinkie-promise-2.0.1.tgz",
      "integrity": "sha1-ITXW36ejWMBprJsXh3YogihFD/o="
    },
    "pkg-dir": {
      "version": "http://registry.npmjs.org/pkg-dir/-/pkg-dir-1.0.0.tgz",
      "integrity": "sha1-ektQio1bstYp1EcFb/TpyTFM89Q=",
      "requires": {
        "find-up": "http://registry.npmjs.org/find-up/-/find-up-1.1.2.tgz"
      },
      "dependencies": {
        "find-up": {
          "version": "http://registry.npmjs.org/find-up/-/find-up-1.1.2.tgz",
          "integrity": "sha1-ay6YIrGizgpgq2TWEOzK1TyyTQ8=",
          "requires": {
            "path-exists": "http://registry.npmjs.org/path-exists/-/path-exists-2.1.0.tgz",
            "pinkie-promise": "http://registry.npmjs.org/pinkie-promise/-/pinkie-promise-2.0.1.tgz"
          }
        },
        "path-exists": {
          "version": "http://registry.npmjs.org/path-exists/-/path-exists-2.1.0.tgz",
          "integrity": "sha1-D+tsZPD8UY2adU3V77YscCJ2H0s=",
          "requires": {
            "pinkie-promise": "http://registry.npmjs.org/pinkie-promise/-/pinkie-promise-2.0.1.tgz"
          }
        }
      }
    },
    "pretty-format": {
      "version": "http://registry.npmjs.org/pretty-format/-/pretty-format-20.0.3.tgz",
      "integrity": "sha1-Ag41ClYKH+GpjcO+tsz/s4beixQ=",
      "requires": {
        "ansi-styles": "http://registry.npmjs.org/ansi-styles/-/ansi-styles-3.0.0.tgz"
      },
      "dependencies": {
        "ansi-styles": {
          "version": "http://registry.npmjs.org/ansi-styles/-/ansi-styles-3.0.0.tgz",
          "integrity": "sha1-VATpOlRMT+x/BIJil3vr/jFV4ME="
        }
      }
    },
    "readable-stream": {
      "version": "http://registry.npmjs.org/readable-stream/-/readable-stream-2.2.9.tgz",
      "integrity": "sha1-z3jsb0ptHrQ9JkiMrJfwQudLf8g="
    },
    "realpath-native": {
      "version": "1.0.0",
      "resolved": "https://registry.npmjs.org/realpath-native/-/realpath-native-1.0.0.tgz",
      "integrity": "sha512-XJtlRJ9jf0E1H1SLeJyQ9PGzQD7S65h1pRXEcAeK48doKOnKxcgPeNohJvD5u/2sI9J1oke6E8bZHS/fmW1UiQ==",
      "requires": {
        "util.promisify": "1.0.0"
      }
    },
    "resolve-cwd": {
      "version": "2.0.0",
      "resolved": "https://registry.npmjs.org/resolve-cwd/-/resolve-cwd-2.0.0.tgz",
      "integrity": "sha1-AKn3OHVW4nA46uIyyqNypqWbZlo=",
      "requires": {
        "resolve-from": "http://registry.npmjs.org/resolve-from/-/resolve-from-1.0.1.tgz"
      }
    },
    "resolve-from": {
      "version": "http://registry.npmjs.org/resolve-from/-/resolve-from-1.0.1.tgz",
      "integrity": "sha1-Jsv+k10a7uq7Kbw/5a6wHpPUQiY="
    },
    "rimraf": {
      "version": "http://registry.npmjs.org/rimraf/-/rimraf-2.6.1.tgz",
      "integrity": "sha1-wjOOxkPfeht/5cVPqG9XQopV8z0=",
      "requires": {
        "glob": "http://registry.npmjs.org/glob/-/glob-7.1.2.tgz"
      }
    },
    "slash": {
      "version": "http://registry.npmjs.org/slash/-/slash-1.0.0.tgz",
      "integrity": "sha1-xB8vbDn8FtHNF61LXYlhFK5HDVU="
    },
    "string-length": {
      "version": "http://registry.npmjs.org/string-length/-/string-length-1.0.1.tgz",
      "integrity": "sha1-VpcPscOFWOnnC3KL894mmsRa36w=",
      "requires": {
        "strip-ansi": "http://registry.npmjs.org/strip-ansi/-/strip-ansi-3.0.1.tgz"
      }
    },
    "strip-ansi": {
      "version": "http://registry.npmjs.org/strip-ansi/-/strip-ansi-3.0.1.tgz",
      "integrity": "sha1-ajhfuIU9lS1f8F0Oiq+UJ43GPc8="
    },
    "throat": {
      "version": "http://registry.npmjs.org/throat/-/throat-3.0.0.tgz",
      "integrity": "sha1-58ZMhny7OEXxCHdkL3tgBVuOwNY="
    },
    "util.promisify": {
      "version": "1.0.0",
      "resolved": "https://registry.npmjs.org/util.promisify/-/util.promisify-1.0.0.tgz",
      "integrity": "sha512-i+6qA2MPhvoKLuxnJNpXAGhg7HphQOSUq2LKMZD0m15EiskXUkMvKdF4Uui0WYeCUGea+o2cw/ZuwehtfsrNkA==",
      "requires": {
        "define-properties": "http://registry.npmjs.org/define-properties/-/define-properties-1.1.2.tgz",
        "object.getownpropertydescriptors": "2.0.3"
      }
    },
    "webcola": {
      "version": "3.3.8",
      "resolved": "https://registry.npmjs.org/webcola/-/webcola-3.3.8.tgz",
      "integrity": "sha512-WVDTdHS1SaqYCUJGPdbOhqj44mchDyTC78tozUdqJllwYeJ2554+BWkJfc5kNphT8foip2StCMw1FWsIvGmv9w==",
      "requires": {
        "d3-dispatch": "1.0.3",
        "d3-drag": "1.2.1",
        "d3-timer": "1.0.7"
      },
      "dependencies": {
        "d3-dispatch": {
          "version": "1.0.3",
          "resolved": "https://registry.npmjs.org/d3-dispatch/-/d3-dispatch-1.0.3.tgz",
          "integrity": "sha1-RuFJHqqbWMNY/OW+TovtYm54cfg="
        },
        "d3-drag": {
          "version": "1.2.1",
          "resolved": "https://registry.npmjs.org/d3-drag/-/d3-drag-1.2.1.tgz",
          "integrity": "sha512-Cg8/K2rTtzxzrb0fmnYOUeZHvwa4PHzwXOLZZPwtEs2SKLLKLXeYwZKBB+DlOxUvFmarOnmt//cU4+3US2lyyQ==",
          "requires": {
            "d3-dispatch": "1.0.3",
            "d3-selection": "1.3.0"
          }
        },
        "d3-selection": {
          "version": "1.3.0",
          "resolved": "https://registry.npmjs.org/d3-selection/-/d3-selection-1.3.0.tgz",
          "integrity": "sha512-qgpUOg9tl5CirdqESUAu0t9MU/t3O9klYfGfyKsXEmhyxyzLpzpeh08gaxBUTQw1uXIOkr/30Ut2YRjSSxlmHA=="
        },
        "d3-timer": {
          "version": "1.0.7",
          "resolved": "https://registry.npmjs.org/d3-timer/-/d3-timer-1.0.7.tgz",
          "integrity": "sha512-vMZXR88XujmG/L5oB96NNKH5lCWwiLM/S2HyyAQLcjWJCloK5shxta4CwOFYLZoY3AWX73v8Lgv4cCAdWtRmOA=="
        }
      }
    },
    "which": {
      "version": "http://registry.npmjs.org/which/-/which-1.2.14.tgz",
      "integrity": "sha1-mofEN48D6CfOyvGs31bHNsAcFOU="
    },
    "yargs": {
      "version": "http://registry.npmjs.org/yargs/-/yargs-7.1.0.tgz",
      "integrity": "sha1-a6MY6xaWFyf10oT46gA+jWFU0Mg=",
      "requires": {
        "camelcase": "http://registry.npmjs.org/camelcase/-/camelcase-3.0.0.tgz",
        "cliui": "http://registry.npmjs.org/cliui/-/cliui-3.2.0.tgz"
      },
      "dependencies": {
        "camelcase": {
          "version": "http://registry.npmjs.org/camelcase/-/camelcase-3.0.0.tgz",
          "integrity": "sha1-MvxLn82vhF/N9+c7uXysImHwqwo="
        },
        "cliui": {
          "version": "http://registry.npmjs.org/cliui/-/cliui-3.2.0.tgz",
          "integrity": "sha1-EgYBU3qRbSmUD5NNo7SNWFo5IT0=",
          "requires": {
            "strip-ansi": "http://registry.npmjs.org/strip-ansi/-/strip-ansi-3.0.1.tgz"
          }
        }
      }
    }
  }
}
